<?xml version="1.0" encoding="utf-8"?>
<Project ToolsVersion="4.0" xmlns="http://schemas.microsoft.com/developer/msbuild/2003">
  <ItemGroup>
    <ClCompile Include="main.cpp" />
    <ClCompile Include="Source\Graphics\GraphicService.cpp" />
    <ClCompile Include="Source\ServiceLocator.cpp" />
    <ClCompile Include="Source\Events\EventService.cpp" />
    <ClCompile Include="Source\Game\GameService.cpp" />
    <ClCompile Include="Source\Gameplay\GameplayService.cpp" />
    <ClCompile Include="Source\Gameplay\GameplayController.cpp" />
    <ClCompile Include="Source\Gameplay\GameplayView.cpp" />
    <ClCompile Include="Source\Config.cpp" />
    <ClCompile Include="Source\UI\ImageView.cpp" />
    <ClCompile Include="Source\UI\UIService.cpp" />
    <ClCompile Include="Source\Ducks\DuckService.cpp" />
    <ClCompile Include="Source\Ducks\DuckController.cpp" />
    <ClCompile Include="Source\Ducks\DuckModel.cpp" />
    <ClCompile Include="Source\Ducks\DuckView.cpp" />
    <ClCompile Include="Source\Time\TimeService.cpp" />
    <ClCompile Include="Source\Player\PlayerService.cpp" />
    <ClCompile Include="Source\Player\PlayerController.cpp" />
    <ClCompile Include="Source\Player\PlayerModel.cpp" />
    <ClCompile Include="Source\UI\TextView.cpp" />
    <ClCompile Include="Source\UI\GameplayUIController.cpp" />
    <ClCompile Include="Source\UI\WaveUIController.cpp" />
  </ItemGroup>
  <ItemGroup>
    <ClInclude Include="Header\Graphics\GraphicService.h" />
    <ClInclude Include="Header\ServiceLocator.h" />
    <ClInclude Include="Header\Events\EventService.h" />
    <ClInclude Include="Header\Game\GameService.h" />
    <ClInclude Include="Header\Gameplay\GameplayService.h" />
    <ClInclude Include="Header\Gameplay\GameplayController.h" />
    <ClInclude Include="Header\Gameplay\GameplayView.h" />
    <ClInclude Include="Header\UI\ImageView.h" />
    <ClInclude Include="Header\Config.h" />
    <ClInclude Include="Header\UI\UIService.h" />
    <ClInclude Include="Header\Ducks\DuckService.h" />
    <ClInclude Include="Header\Ducks\DuckController.h" />
    <ClInclude Include="Header\Ducks\DuckModel.h" />
    <ClInclude Include="Header\Ducks\DuckView.h" />
    <ClInclude Include="Header\Ducks\DuckConfig.h" />
    <ClInclude Include="Header\Time\TimeService.h" />
    <ClInclude Include="Header\Player\PlayerService.h" />
    <ClInclude Include="Header\Player\PlayerController.h" />
    <ClInclude Include="Header\Player\PlayerModel.h" />
    <ClInclude Include="Header\UI\TextView.h" />
    <ClInclude Include="Header\UI\GameplayUIController.h" />
    <ClInclude Include="Header\UI\IUIController.h" />
    <ClInclude Include="Header\UI\WaveUIController.h" />
  </ItemGroup>
</Project>